{
  "requires": true,
  "lockfileVersion": 1,
  "dependencies": {
    "@angular-material-components/file-input": {
      "version": "5.0.1",
      "resolved": "https://registry.npmjs.org/@angular-material-components/file-input/-/file-input-5.0.1.tgz",
      "integrity": "sha512-IqforYNdtY5B7iyWMGGt/r/s8IvLW3pmRKehIVjTzNE0aX4pumAIlOeRoPvR0Q6pRvTEEij0lRssipJrzWrY5Q==",
      "requires": {
        "tslib": "^2.0.0"
      }
    },
    "tslib": {
      "version": "2.1.0",
      "resolved": "https://registry.npmjs.org/tslib/-/tslib-2.1.0.tgz",
      "integrity": "sha512-hcVC3wYEziELGGmEEXue7D75zbwIIVUMWAVbHItGPx0ziyXxrOMQx4rQEVEV45Ut/1IotuEvwqPopzIOkDMf0A=="
    }
  }
}
